
Microsoft Visual Studio Solution File, Format Version 12.00
# Visual Studio Version 16
VisualStudioVersion = 16.0.29613.14
MinimumVisualStudioVersion = 10.0.40219.1
Project("{2150E333-8FDC-42A3-9474-1A3956D46DE8}") = "Auth", "Auth", "{AA71C2C5-DC3D-4ABC-8C00-896B9B09C53A}"
EndProject
Project("{9A19103F-16F7-4668-BE54-9A1E7A4F7556}") = "Auth.API", "Authentication\Auth.API\Auth.API.csproj", "{E2D4950D-0C02-4A51-B9D2-991B7356EABC}"
EndProject
Project("{9A19103F-16F7-4668-BE54-9A1E7A4F7556}") = "Auth.Identity.MVC", "Authentication\Auth.Identity.MVC\Auth.Identity.MVC.csproj", "{94F59ACB-6A43-4762-8796-EC894D419C50}"
EndProject
Project("{9A19103F-16F7-4668-BE54-9A1E7A4F7556}") = "Auth.Cookie.MVC", "Authentication\Auth.Cookie.MVC\Auth.Cookie.MVC.csproj", "{EF146BE9-520C-425D-A00D-67407EE55837}"
EndProject
Project("{FAE04EC0-301F-11D3-BF4B-00C04F79EFBC}") = "Auth.AspNet.MVC", "Authentication\Auth.AspNet.MVC\Auth.AspNet.MVC.csproj", "{05144397-6B8A-4B82-B9B3-ECEB021A2785}"
EndProject
Project("{FAE04EC0-301F-11D3-BF4B-00C04F79EFBC}") = "CustomAuthenticationMVC", "Authentication\CustomAuthenticationMVC\CustomAuthenticationMVC.csproj", "{BEE67C6B-D8C9-49C6-B24F-057FB3DAEEAB}"
EndProject
Project("{2150E333-8FDC-42A3-9474-1A3956D46DE8}") = "Misc", "Misc", "{81E40DB2-FD83-4785-B4B4-3967F392ADE9}"
EndProject
Project("{9A19103F-16F7-4668-BE54-9A1E7A4F7556}") = "CodeSnippet.ConsoleApp", "Miscellaneous\CodeSnippet.ConsoleApp\CodeSnippet.ConsoleApp.csproj", "{21A0808B-C14F-4AEB-96B0-EB0E063FFB18}"
EndProject
Project("{9A19103F-16F7-4668-BE54-9A1E7A4F7556}") = "Metronics.ASPNETCore.Web", "Miscellaneous\Metronics.ASPNETCore.Web\Metronics.ASPNETCore.Web.csproj", "{56A468B4-BD29-408B-816F-FD1F4999A4B0}"
EndProject
Project("{9A19103F-16F7-4668-BE54-9A1E7A4F7556}") = "Metronics.ASPNETCore.API", "Miscellaneous\Metronics.ASPNETCore.API\Metronics.ASPNETCore.API.csproj", "{3E820199-65B0-4564-A0E8-DC30AD3A9415}"
EndProject
Project("{2150E333-8FDC-42A3-9474-1A3956D46DE8}") = "build", "build", "{2E6E37AB-9601-4CDB-8BF1-547540652EB8}"
	ProjectSection(SolutionItems) = preProject
		.travis.yml = .travis.yml
	EndProjectSection
EndProject
Global
	GlobalSection(SolutionConfigurationPlatforms) = preSolution
		Debug|Any CPU = Debug|Any CPU
		Release|Any CPU = Release|Any CPU
	EndGlobalSection
	GlobalSection(ProjectConfigurationPlatforms) = postSolution
		{E2D4950D-0C02-4A51-B9D2-991B7356EABC}.Debug|Any CPU.ActiveCfg = Debug|Any CPU
		{E2D4950D-0C02-4A51-B9D2-991B7356EABC}.Debug|Any CPU.Build.0 = Debug|Any CPU
		{E2D4950D-0C02-4A51-B9D2-991B7356EABC}.Release|Any CPU.ActiveCfg = Release|Any CPU
		{E2D4950D-0C02-4A51-B9D2-991B7356EABC}.Release|Any CPU.Build.0 = Release|Any CPU
		{94F59ACB-6A43-4762-8796-EC894D419C50}.Debug|Any CPU.ActiveCfg = Debug|Any CPU
		{94F59ACB-6A43-4762-8796-EC894D419C50}.Debug|Any CPU.Build.0 = Debug|Any CPU
		{94F59ACB-6A43-4762-8796-EC894D419C50}.Release|Any CPU.ActiveCfg = Release|Any CPU
		{94F59ACB-6A43-4762-8796-EC894D419C50}.Release|Any CPU.Build.0 = Release|Any CPU
		{EF146BE9-520C-425D-A00D-67407EE55837}.Debug|Any CPU.ActiveCfg = Debug|Any CPU
		{EF146BE9-520C-425D-A00D-67407EE55837}.Debug|Any CPU.Build.0 = Debug|Any CPU
		{EF146BE9-520C-425D-A00D-67407EE55837}.Release|Any CPU.ActiveCfg = Release|Any CPU
		{EF146BE9-520C-425D-A00D-67407EE55837}.Release|Any CPU.Build.0 = Release|Any CPU
		{05144397-6B8A-4B82-B9B3-ECEB021A2785}.Debug|Any CPU.ActiveCfg = Debug|Any CPU
		{05144397-6B8A-4B82-B9B3-ECEB021A2785}.Debug|Any CPU.Build.0 = Debug|Any CPU
		{05144397-6B8A-4B82-B9B3-ECEB021A2785}.Release|Any CPU.ActiveCfg = Release|Any CPU
		{05144397-6B8A-4B82-B9B3-ECEB021A2785}.Release|Any CPU.Build.0 = Release|Any CPU
		{BEE67C6B-D8C9-49C6-B24F-057FB3DAEEAB}.Debug|Any CPU.ActiveCfg = Debug|Any CPU
		{BEE67C6B-D8C9-49C6-B24F-057FB3DAEEAB}.Debug|Any CPU.Build.0 = Debug|Any CPU
		{BEE67C6B-D8C9-49C6-B24F-057FB3DAEEAB}.Release|Any CPU.ActiveCfg = Release|Any CPU
		{BEE67C6B-D8C9-49C6-B24F-057FB3DAEEAB}.Release|Any CPU.Build.0 = Release|Any CPU
		{21A0808B-C14F-4AEB-96B0-EB0E063FFB18}.Debug|Any CPU.ActiveCfg = Debug|Any CPU
		{21A0808B-C14F-4AEB-96B0-EB0E063FFB18}.Debug|Any CPU.Build.0 = Debug|Any CPU
		{21A0808B-C14F-4AEB-96B0-EB0E063FFB18}.Release|Any CPU.ActiveCfg = Release|Any CPU
		{21A0808B-C14F-4AEB-96B0-EB0E063FFB18}.Release|Any CPU.Build.0 = Release|Any CPU
		{56A468B4-BD29-408B-816F-FD1F4999A4B0}.Debug|Any CPU.ActiveCfg = Debug|Any CPU
		{56A468B4-BD29-408B-816F-FD1F4999A4B0}.Debug|Any CPU.Build.0 = Debug|Any CPU
		{56A468B4-BD29-408B-816F-FD1F4999A4B0}.Release|Any CPU.ActiveCfg = Release|Any CPU
		{56A468B4-BD29-408B-816F-FD1F4999A4B0}.Release|Any CPU.Build.0 = Release|Any CPU
		{3E820199-65B0-4564-A0E8-DC30AD3A9415}.Debug|Any CPU.ActiveCfg = Debug|Any CPU
		{3E820199-65B0-4564-A0E8-DC30AD3A9415}.Debug|Any CPU.Build.0 = Debug|Any CPU
		{3E820199-65B0-4564-A0E8-DC30AD3A9415}.Release|Any CPU.ActiveCfg = Release|Any CPU
		{3E820199-65B0-4564-A0E8-DC30AD3A9415}.Release|Any CPU.Build.0 = Release|Any CPU
	EndGlobalSection
	GlobalSection(SolutionProperties) = preSolution
		HideSolutionNode = FALSE
	EndGlobalSection
	GlobalSection(NestedProjects) = preSolution
		{E2D4950D-0C02-4A51-B9D2-991B7356EABC} = {AA71C2C5-DC3D-4ABC-8C00-896B9B09C53A}
		{94F59ACB-6A43-4762-8796-EC894D419C50} = {AA71C2C5-DC3D-4ABC-8C00-896B9B09C53A}
		{EF146BE9-520C-425D-A00D-67407EE55837} = {AA71C2C5-DC3D-4ABC-8C00-896B9B09C53A}
		{05144397-6B8A-4B82-B9B3-ECEB021A2785} = {AA71C2C5-DC3D-4ABC-8C00-896B9B09C53A}
		{BEE67C6B-D8C9-49C6-B24F-057FB3DAEEAB} = {AA71C2C5-DC3D-4ABC-8C00-896B9B09C53A}
		{21A0808B-C14F-4AEB-96B0-EB0E063FFB18} = {81E40DB2-FD83-4785-B4B4-3967F392ADE9}
		{56A468B4-BD29-408B-816F-FD1F4999A4B0} = {81E40DB2-FD83-4785-B4B4-3967F392ADE9}
		{3E820199-65B0-4564-A0E8-DC30AD3A9415} = {81E40DB2-FD83-4785-B4B4-3967F392ADE9}
	EndGlobalSection
	GlobalSection(ExtensibilityGlobals) = postSolution
		SolutionGuid = {A7FCB78A-9827-4034-BC67-859B357AB573}
	EndGlobalSection
EndGlobal
