
Microsoft Visual Studio Solution File, Format Version 12.00
# Visual Studio Version 17
VisualStudioVersion = 17.1.32228.430
MinimumVisualStudioVersion = 10.0.40219.1
Project("{9A19103F-16F7-4668-BE54-9A1E7A4F7556}") = "Auth.API", "Auth.API\Auth.API.csproj", "{08469CC9-C2E4-4695-8331-84EC2A07C632}"
EndProject
Project("{FAE04EC0-301F-11D3-BF4B-00C04F79EFBC}") = "Auth.AspNet.MVC", "Auth.AspNet.MVC\Auth.AspNet.MVC.csproj", "{05144397-6B8A-4B82-B9B3-ECEB021A2785}"
EndProject
Project("{9A19103F-16F7-4668-BE54-9A1E7A4F7556}") = "Auth.Cookie.MVC", "Auth.Cookie.MVC\Auth.Cookie.MVC.csproj", "{57DBDD19-837C-4B9A-B3D5-45051CAA2EAE}"
EndProject
Project("{9A19103F-16F7-4668-BE54-9A1E7A4F7556}") = "Auth.Identity.MVC", "Auth.Identity.MVC\Auth.Identity.MVC.csproj", "{4D8703D1-2C2F-4BBF-912C-997AFAF1EA2E}"
EndProject
Project("{FAE04EC0-301F-11D3-BF4B-00C04F79EFBC}") = "CustomAuthenticationMVC", "CustomAuthenticationMVC\CustomAuthenticationMVC.csproj", "{BEE67C6B-D8C9-49C6-B24F-057FB3DAEEAB}"
EndProject
Project("{9A19103F-16F7-4668-BE54-9A1E7A4F7556}") = "Metronics.ASPNETCore.API", "Metronics.ASPNETCore.API\Metronics.ASPNETCore.API.csproj", "{E5FD8DC0-E04A-4A8B-896C-3303CB4260AD}"
EndProject
Project("{9A19103F-16F7-4668-BE54-9A1E7A4F7556}") = "Metronics.ASPNETCore.Web", "Metronics.ASPNETCore.Web\Metronics.ASPNETCore.Web.csproj", "{81EF60A4-1508-4E79-8543-6F02B1208287}"
EndProject
Project("{9A19103F-16F7-4668-BE54-9A1E7A4F7556}") = "Sample.WebAPI", "Sample.WebAPI\Sample.WebAPI.csproj", "{20D7F945-83FE-4743-8932-EB25EE94F681}"
EndProject
Project("{FAE04EC0-301F-11D3-BF4B-00C04F79EFBC}") = "WebFormApp", "WebFormApp\WebFormApp.csproj", "{CE7BDD3D-F772-4937-86BC-380128264CD8}"
EndProject
Project("{9A19103F-16F7-4668-BE54-9A1E7A4F7556}") = "Publico", "Publico\Publico.csproj", "{1AE7D763-8B45-4388-880C-54ABCD8998E7}"
EndProject
Project("{9A19103F-16F7-4668-BE54-9A1E7A4F7556}") = "Thur", "Thur\Thur.csproj", "{D1565FE9-F1EC-40B6-A035-1BE194975FE8}"
EndProject
Project("{9A19103F-16F7-4668-BE54-9A1E7A4F7556}") = "ConsoleApp", "BankAdminSetup.ConsoleApp\ConsoleApp.csproj", "{3F65FC08-1C29-44A6-8DE8-8A06402200A7}"
EndProject
Project("{2150E333-8FDC-42A3-9474-1A3956D46DE8}") = "mongo_apps", "mongo_apps", "{B1B4D79C-8E84-4180-9485-9A9C81348C00}"
EndProject
Project("{9A19103F-16F7-4668-BE54-9A1E7A4F7556}") = "RetryApp", "RetryApp\RetryApp.csproj", "{40BC054A-27AA-4258-94DC-4A6446159786}"
EndProject
Project("{2150E333-8FDC-42A3-9474-1A3956D46DE8}") = "Others", "Others", "{B7D67AEC-89B3-4ACE-A554-F20DA25F725B}"
EndProject
Project("{2150E333-8FDC-42A3-9474-1A3956D46DE8}") = "Exercises", "Exercises", "{520DC19A-857A-4B5D-86ED-FD7B17095882}"
EndProject
Project("{9A19103F-16F7-4668-BE54-9A1E7A4F7556}") = "MongoMission", "MongoMission\MongoMission.csproj", "{A48962EA-1317-447A-A1FC-0D0CBCEE50AA}"
EndProject
Project("{9A19103F-16F7-4668-BE54-9A1E7A4F7556}") = "MongoMission.Core", "MongoMission.Core\MongoMission.Core.csproj", "{D9CF0AAA-A8D5-4F98-904C-0CD3EAE0D745}"
EndProject
Project("{9A19103F-16F7-4668-BE54-9A1E7A4F7556}") = "MongoMission.Tests", "MongoMission.Tests\MongoMission.Tests.csproj", "{E4DBD1C2-5D56-4A55-A585-0781F459816A}"
EndProject
Project("{9A19103F-16F7-4668-BE54-9A1E7A4F7556}") = "ApiAuthorizationDbContextWebApplication", "ApiAuthorizationDbContextWebApplication\ApiAuthorizationDbContextWebApplication.csproj", "{C198EF56-32A4-4F0D-8B9D-48B6A5E7EC0B}"
EndProject
Project("{9A19103F-16F7-4668-BE54-9A1E7A4F7556}") = "ApiAuthorizationOptionsWebApplication", "ApiAuthorizationOptionsWebApplication\ApiAuthorizationOptionsWebApplication.csproj", "{976E181C-3830-4AF0-84F3-A321A6742E7A}"
EndProject
Project("{2150E333-8FDC-42A3-9474-1A3956D46DE8}") = "system_design", "system_design", "{A6E101AB-C7CE-435B-B91D-12A211DBDBFA}"
EndProject
Project("{2150E333-8FDC-42A3-9474-1A3956D46DE8}") = "RaftApps", "RaftApps", "{AB7BE580-7241-44EE-9663-C78D6CDA7DAF}"
EndProject
Project("{9A19103F-16F7-4668-BE54-9A1E7A4F7556}") = "RaftConsoleApp", "RaftConsoleApp\RaftConsoleApp.csproj", "{1ADD1709-7BBC-4C4D-93D5-AE64236FA513}"
EndProject
Project("{9A19103F-16F7-4668-BE54-9A1E7A4F7556}") = "ExerciseApp.ConsoleApp", "ExerciseApp.ConsoleApp\ExerciseApp.ConsoleApp.csproj", "{A6C3E661-9854-4010-AEFF-9241017B1348}"
EndProject
Project("{9A19103F-16F7-4668-BE54-9A1E7A4F7556}") = "Algorithms", "Algorithms\Algorithms.csproj", "{A8835DA9-9302-4BDE-A6FF-2216CAACC23F}"
EndProject
Project("{2150E333-8FDC-42A3-9474-1A3956D46DE8}") = "service_discovery", "service_discovery", "{E3A6C9CD-0DE3-4917-8C65-538C115E12B5}"
EndProject
Global
	GlobalSection(SolutionConfigurationPlatforms) = preSolution
		Debug|Any CPU = Debug|Any CPU
		Release|Any CPU = Release|Any CPU
	EndGlobalSection
	GlobalSection(ProjectConfigurationPlatforms) = postSolution
		{08469CC9-C2E4-4695-8331-84EC2A07C632}.Debug|Any CPU.ActiveCfg = Debug|Any CPU
		{08469CC9-C2E4-4695-8331-84EC2A07C632}.Debug|Any CPU.Build.0 = Debug|Any CPU
		{08469CC9-C2E4-4695-8331-84EC2A07C632}.Release|Any CPU.ActiveCfg = Release|Any CPU
		{08469CC9-C2E4-4695-8331-84EC2A07C632}.Release|Any CPU.Build.0 = Release|Any CPU
		{05144397-6B8A-4B82-B9B3-ECEB021A2785}.Debug|Any CPU.ActiveCfg = Debug|Any CPU
		{05144397-6B8A-4B82-B9B3-ECEB021A2785}.Debug|Any CPU.Build.0 = Debug|Any CPU
		{05144397-6B8A-4B82-B9B3-ECEB021A2785}.Release|Any CPU.ActiveCfg = Release|Any CPU
		{05144397-6B8A-4B82-B9B3-ECEB021A2785}.Release|Any CPU.Build.0 = Release|Any CPU
		{57DBDD19-837C-4B9A-B3D5-45051CAA2EAE}.Debug|Any CPU.ActiveCfg = Debug|Any CPU
		{57DBDD19-837C-4B9A-B3D5-45051CAA2EAE}.Debug|Any CPU.Build.0 = Debug|Any CPU
		{57DBDD19-837C-4B9A-B3D5-45051CAA2EAE}.Release|Any CPU.ActiveCfg = Release|Any CPU
		{57DBDD19-837C-4B9A-B3D5-45051CAA2EAE}.Release|Any CPU.Build.0 = Release|Any CPU
		{4D8703D1-2C2F-4BBF-912C-997AFAF1EA2E}.Debug|Any CPU.ActiveCfg = Debug|Any CPU
		{4D8703D1-2C2F-4BBF-912C-997AFAF1EA2E}.Debug|Any CPU.Build.0 = Debug|Any CPU
		{4D8703D1-2C2F-4BBF-912C-997AFAF1EA2E}.Release|Any CPU.ActiveCfg = Release|Any CPU
		{4D8703D1-2C2F-4BBF-912C-997AFAF1EA2E}.Release|Any CPU.Build.0 = Release|Any CPU
		{BEE67C6B-D8C9-49C6-B24F-057FB3DAEEAB}.Debug|Any CPU.ActiveCfg = Debug|Any CPU
		{BEE67C6B-D8C9-49C6-B24F-057FB3DAEEAB}.Debug|Any CPU.Build.0 = Debug|Any CPU
		{BEE67C6B-D8C9-49C6-B24F-057FB3DAEEAB}.Release|Any CPU.ActiveCfg = Release|Any CPU
		{BEE67C6B-D8C9-49C6-B24F-057FB3DAEEAB}.Release|Any CPU.Build.0 = Release|Any CPU
		{E5FD8DC0-E04A-4A8B-896C-3303CB4260AD}.Debug|Any CPU.ActiveCfg = Debug|Any CPU
		{E5FD8DC0-E04A-4A8B-896C-3303CB4260AD}.Debug|Any CPU.Build.0 = Debug|Any CPU
		{E5FD8DC0-E04A-4A8B-896C-3303CB4260AD}.Release|Any CPU.ActiveCfg = Release|Any CPU
		{E5FD8DC0-E04A-4A8B-896C-3303CB4260AD}.Release|Any CPU.Build.0 = Release|Any CPU
		{81EF60A4-1508-4E79-8543-6F02B1208287}.Debug|Any CPU.ActiveCfg = Debug|Any CPU
		{81EF60A4-1508-4E79-8543-6F02B1208287}.Debug|Any CPU.Build.0 = Debug|Any CPU
		{81EF60A4-1508-4E79-8543-6F02B1208287}.Release|Any CPU.ActiveCfg = Release|Any CPU
		{81EF60A4-1508-4E79-8543-6F02B1208287}.Release|Any CPU.Build.0 = Release|Any CPU
		{20D7F945-83FE-4743-8932-EB25EE94F681}.Debug|Any CPU.ActiveCfg = Debug|Any CPU
		{20D7F945-83FE-4743-8932-EB25EE94F681}.Debug|Any CPU.Build.0 = Debug|Any CPU
		{20D7F945-83FE-4743-8932-EB25EE94F681}.Release|Any CPU.ActiveCfg = Release|Any CPU
		{20D7F945-83FE-4743-8932-EB25EE94F681}.Release|Any CPU.Build.0 = Release|Any CPU
		{CE7BDD3D-F772-4937-86BC-380128264CD8}.Debug|Any CPU.ActiveCfg = Debug|Any CPU
		{CE7BDD3D-F772-4937-86BC-380128264CD8}.Debug|Any CPU.Build.0 = Debug|Any CPU
		{CE7BDD3D-F772-4937-86BC-380128264CD8}.Release|Any CPU.ActiveCfg = Release|Any CPU
		{CE7BDD3D-F772-4937-86BC-380128264CD8}.Release|Any CPU.Build.0 = Release|Any CPU
		{1AE7D763-8B45-4388-880C-54ABCD8998E7}.Debug|Any CPU.ActiveCfg = Debug|Any CPU
		{1AE7D763-8B45-4388-880C-54ABCD8998E7}.Debug|Any CPU.Build.0 = Debug|Any CPU
		{1AE7D763-8B45-4388-880C-54ABCD8998E7}.Release|Any CPU.ActiveCfg = Release|Any CPU
		{1AE7D763-8B45-4388-880C-54ABCD8998E7}.Release|Any CPU.Build.0 = Release|Any CPU
		{D1565FE9-F1EC-40B6-A035-1BE194975FE8}.Debug|Any CPU.ActiveCfg = Debug|Any CPU
		{D1565FE9-F1EC-40B6-A035-1BE194975FE8}.Debug|Any CPU.Build.0 = Debug|Any CPU
		{D1565FE9-F1EC-40B6-A035-1BE194975FE8}.Release|Any CPU.ActiveCfg = Release|Any CPU
		{D1565FE9-F1EC-40B6-A035-1BE194975FE8}.Release|Any CPU.Build.0 = Release|Any CPU
		{3F65FC08-1C29-44A6-8DE8-8A06402200A7}.Debug|Any CPU.ActiveCfg = Debug|Any CPU
		{3F65FC08-1C29-44A6-8DE8-8A06402200A7}.Debug|Any CPU.Build.0 = Debug|Any CPU
		{3F65FC08-1C29-44A6-8DE8-8A06402200A7}.Release|Any CPU.ActiveCfg = Release|Any CPU
		{3F65FC08-1C29-44A6-8DE8-8A06402200A7}.Release|Any CPU.Build.0 = Release|Any CPU
		{40BC054A-27AA-4258-94DC-4A6446159786}.Debug|Any CPU.ActiveCfg = Debug|Any CPU
		{40BC054A-27AA-4258-94DC-4A6446159786}.Debug|Any CPU.Build.0 = Debug|Any CPU
		{40BC054A-27AA-4258-94DC-4A6446159786}.Release|Any CPU.ActiveCfg = Release|Any CPU
		{40BC054A-27AA-4258-94DC-4A6446159786}.Release|Any CPU.Build.0 = Release|Any CPU
		{A48962EA-1317-447A-A1FC-0D0CBCEE50AA}.Debug|Any CPU.ActiveCfg = Debug|Any CPU
		{A48962EA-1317-447A-A1FC-0D0CBCEE50AA}.Debug|Any CPU.Build.0 = Debug|Any CPU
		{A48962EA-1317-447A-A1FC-0D0CBCEE50AA}.Release|Any CPU.ActiveCfg = Release|Any CPU
		{A48962EA-1317-447A-A1FC-0D0CBCEE50AA}.Release|Any CPU.Build.0 = Release|Any CPU
		{D9CF0AAA-A8D5-4F98-904C-0CD3EAE0D745}.Debug|Any CPU.ActiveCfg = Debug|Any CPU
		{D9CF0AAA-A8D5-4F98-904C-0CD3EAE0D745}.Debug|Any CPU.Build.0 = Debug|Any CPU
		{D9CF0AAA-A8D5-4F98-904C-0CD3EAE0D745}.Release|Any CPU.ActiveCfg = Release|Any CPU
		{D9CF0AAA-A8D5-4F98-904C-0CD3EAE0D745}.Release|Any CPU.Build.0 = Release|Any CPU
		{E4DBD1C2-5D56-4A55-A585-0781F459816A}.Debug|Any CPU.ActiveCfg = Debug|Any CPU
		{E4DBD1C2-5D56-4A55-A585-0781F459816A}.Debug|Any CPU.Build.0 = Debug|Any CPU
		{E4DBD1C2-5D56-4A55-A585-0781F459816A}.Release|Any CPU.ActiveCfg = Release|Any CPU
		{E4DBD1C2-5D56-4A55-A585-0781F459816A}.Release|Any CPU.Build.0 = Release|Any CPU
		{C198EF56-32A4-4F0D-8B9D-48B6A5E7EC0B}.Debug|Any CPU.ActiveCfg = Debug|Any CPU
		{C198EF56-32A4-4F0D-8B9D-48B6A5E7EC0B}.Debug|Any CPU.Build.0 = Debug|Any CPU
		{C198EF56-32A4-4F0D-8B9D-48B6A5E7EC0B}.Release|Any CPU.ActiveCfg = Release|Any CPU
		{C198EF56-32A4-4F0D-8B9D-48B6A5E7EC0B}.Release|Any CPU.Build.0 = Release|Any CPU
		{976E181C-3830-4AF0-84F3-A321A6742E7A}.Debug|Any CPU.ActiveCfg = Debug|Any CPU
		{976E181C-3830-4AF0-84F3-A321A6742E7A}.Debug|Any CPU.Build.0 = Debug|Any CPU
		{976E181C-3830-4AF0-84F3-A321A6742E7A}.Release|Any CPU.ActiveCfg = Release|Any CPU
		{976E181C-3830-4AF0-84F3-A321A6742E7A}.Release|Any CPU.Build.0 = Release|Any CPU
		{1ADD1709-7BBC-4C4D-93D5-AE64236FA513}.Debug|Any CPU.ActiveCfg = Debug|Any CPU
		{1ADD1709-7BBC-4C4D-93D5-AE64236FA513}.Debug|Any CPU.Build.0 = Debug|Any CPU
		{1ADD1709-7BBC-4C4D-93D5-AE64236FA513}.Release|Any CPU.ActiveCfg = Release|Any CPU
		{1ADD1709-7BBC-4C4D-93D5-AE64236FA513}.Release|Any CPU.Build.0 = Release|Any CPU
		{A6C3E661-9854-4010-AEFF-9241017B1348}.Debug|Any CPU.ActiveCfg = Debug|Any CPU
		{A6C3E661-9854-4010-AEFF-9241017B1348}.Debug|Any CPU.Build.0 = Debug|Any CPU
		{A6C3E661-9854-4010-AEFF-9241017B1348}.Release|Any CPU.ActiveCfg = Release|Any CPU
		{A6C3E661-9854-4010-AEFF-9241017B1348}.Release|Any CPU.Build.0 = Release|Any CPU
		{A8835DA9-9302-4BDE-A6FF-2216CAACC23F}.Debug|Any CPU.ActiveCfg = Debug|Any CPU
		{A8835DA9-9302-4BDE-A6FF-2216CAACC23F}.Debug|Any CPU.Build.0 = Debug|Any CPU
		{A8835DA9-9302-4BDE-A6FF-2216CAACC23F}.Release|Any CPU.ActiveCfg = Release|Any CPU
		{A8835DA9-9302-4BDE-A6FF-2216CAACC23F}.Release|Any CPU.Build.0 = Release|Any CPU
	EndGlobalSection
	GlobalSection(SolutionProperties) = preSolution
		HideSolutionNode = FALSE
	EndGlobalSection
	GlobalSection(NestedProjects) = preSolution
		{08469CC9-C2E4-4695-8331-84EC2A07C632} = {B7D67AEC-89B3-4ACE-A554-F20DA25F725B}
		{05144397-6B8A-4B82-B9B3-ECEB021A2785} = {B7D67AEC-89B3-4ACE-A554-F20DA25F725B}
		{57DBDD19-837C-4B9A-B3D5-45051CAA2EAE} = {B7D67AEC-89B3-4ACE-A554-F20DA25F725B}
		{4D8703D1-2C2F-4BBF-912C-997AFAF1EA2E} = {B7D67AEC-89B3-4ACE-A554-F20DA25F725B}
		{BEE67C6B-D8C9-49C6-B24F-057FB3DAEEAB} = {B7D67AEC-89B3-4ACE-A554-F20DA25F725B}
		{E5FD8DC0-E04A-4A8B-896C-3303CB4260AD} = {B7D67AEC-89B3-4ACE-A554-F20DA25F725B}
		{81EF60A4-1508-4E79-8543-6F02B1208287} = {B7D67AEC-89B3-4ACE-A554-F20DA25F725B}
		{20D7F945-83FE-4743-8932-EB25EE94F681} = {B7D67AEC-89B3-4ACE-A554-F20DA25F725B}
		{CE7BDD3D-F772-4937-86BC-380128264CD8} = {B7D67AEC-89B3-4ACE-A554-F20DA25F725B}
		{1AE7D763-8B45-4388-880C-54ABCD8998E7} = {B7D67AEC-89B3-4ACE-A554-F20DA25F725B}
		{D1565FE9-F1EC-40B6-A035-1BE194975FE8} = {B7D67AEC-89B3-4ACE-A554-F20DA25F725B}
		{3F65FC08-1C29-44A6-8DE8-8A06402200A7} = {B7D67AEC-89B3-4ACE-A554-F20DA25F725B}
		{40BC054A-27AA-4258-94DC-4A6446159786} = {520DC19A-857A-4B5D-86ED-FD7B17095882}
		{A48962EA-1317-447A-A1FC-0D0CBCEE50AA} = {B1B4D79C-8E84-4180-9485-9A9C81348C00}
		{D9CF0AAA-A8D5-4F98-904C-0CD3EAE0D745} = {B1B4D79C-8E84-4180-9485-9A9C81348C00}
		{E4DBD1C2-5D56-4A55-A585-0781F459816A} = {B1B4D79C-8E84-4180-9485-9A9C81348C00}
		{C198EF56-32A4-4F0D-8B9D-48B6A5E7EC0B} = {B7D67AEC-89B3-4ACE-A554-F20DA25F725B}
		{976E181C-3830-4AF0-84F3-A321A6742E7A} = {B7D67AEC-89B3-4ACE-A554-F20DA25F725B}
		{AB7BE580-7241-44EE-9663-C78D6CDA7DAF} = {A6E101AB-C7CE-435B-B91D-12A211DBDBFA}
		{1ADD1709-7BBC-4C4D-93D5-AE64236FA513} = {AB7BE580-7241-44EE-9663-C78D6CDA7DAF}
		{A6C3E661-9854-4010-AEFF-9241017B1348} = {520DC19A-857A-4B5D-86ED-FD7B17095882}
		{A8835DA9-9302-4BDE-A6FF-2216CAACC23F} = {B7D67AEC-89B3-4ACE-A554-F20DA25F725B}
	EndGlobalSection
	GlobalSection(ExtensibilityGlobals) = postSolution
		SolutionGuid = {A7FCB78A-9827-4034-BC67-859B357AB573}
	EndGlobalSection
EndGlobal
