
Microsoft Visual Studio Solution File, Format Version 12.00
# Visual Studio Version 16
VisualStudioVersion = 16.0.31911.196
MinimumVisualStudioVersion = 10.0.40219.1
Project("{9A19103F-16F7-4668-BE54-9A1E7A4F7556}") = "Auth.API", "Auth.API\Auth.API.csproj", "{08469CC9-C2E4-4695-8331-84EC2A07C632}"
EndProject
Project("{FAE04EC0-301F-11D3-BF4B-00C04F79EFBC}") = "Auth.AspNet.MVC", "Auth.AspNet.MVC\Auth.AspNet.MVC.csproj", "{05144397-6B8A-4B82-B9B3-ECEB021A2785}"
EndProject
Project("{9A19103F-16F7-4668-BE54-9A1E7A4F7556}") = "Auth.Cookie.MVC", "Auth.Cookie.MVC\Auth.Cookie.MVC.csproj", "{57DBDD19-837C-4B9A-B3D5-45051CAA2EAE}"
EndProject
Project("{9A19103F-16F7-4668-BE54-9A1E7A4F7556}") = "Auth.Identity.MVC", "Auth.Identity.MVC\Auth.Identity.MVC.csproj", "{4D8703D1-2C2F-4BBF-912C-997AFAF1EA2E}"
EndProject
Project("{9A19103F-16F7-4668-BE54-9A1E7A4F7556}") = "CodeSnippet.ConsoleApp", "CodeSnippet.ConsoleApp\CodeSnippet.ConsoleApp.csproj", "{05664D22-D4FE-46B9-B953-0C07E14FCCEC}"
EndProject
Project("{FAE04EC0-301F-11D3-BF4B-00C04F79EFBC}") = "CustomAuthenticationMVC", "CustomAuthenticationMVC\CustomAuthenticationMVC.csproj", "{BEE67C6B-D8C9-49C6-B24F-057FB3DAEEAB}"
EndProject
Project("{9A19103F-16F7-4668-BE54-9A1E7A4F7556}") = "Metronics.ASPNETCore.API", "Metronics.ASPNETCore.API\Metronics.ASPNETCore.API.csproj", "{E5FD8DC0-E04A-4A8B-896C-3303CB4260AD}"
EndProject
Project("{9A19103F-16F7-4668-BE54-9A1E7A4F7556}") = "Metronics.ASPNETCore.Web", "Metronics.ASPNETCore.Web\Metronics.ASPNETCore.Web.csproj", "{81EF60A4-1508-4E79-8543-6F02B1208287}"
EndProject
Project("{9A19103F-16F7-4668-BE54-9A1E7A4F7556}") = "Sample.WebAPI", "Sample.WebAPI\Sample.WebAPI.csproj", "{20D7F945-83FE-4743-8932-EB25EE94F681}"
EndProject
Project("{FAE04EC0-301F-11D3-BF4B-00C04F79EFBC}") = "WebFormApp", "WebFormApp\WebFormApp.csproj", "{CE7BDD3D-F772-4937-86BC-380128264CD8}"
EndProject
Project("{9A19103F-16F7-4668-BE54-9A1E7A4F7556}") = "Publico", "Publico\Publico.csproj", "{1AE7D763-8B45-4388-880C-54ABCD8998E7}"
EndProject
Project("{9A19103F-16F7-4668-BE54-9A1E7A4F7556}") = "Thur", "Thur\Thur.csproj", "{D1565FE9-F1EC-40B6-A035-1BE194975FE8}"
EndProject
Project("{9A19103F-16F7-4668-BE54-9A1E7A4F7556}") = "Shoprite.ConsoleApp", "..\..\..\..\..\source\repos\common\Engine\Shoprite.ConsoleApp\Shoprite.ConsoleApp.csproj", "{9AB3A97F-BBFA-4CAB-A5BC-8C9261A6FF52}"
EndProject
Project("{FAE04EC0-301F-11D3-BF4B-00C04F79EFBC}") = "Shoprite.WebApplication", "..\..\..\..\..\source\repos\common\Engine\Shoprite.WebApplication\Shoprite.WebApplication.csproj", "{C10D91FC-EA80-4819-8EA2-763CEC093593}"
EndProject
Project("{9A19103F-16F7-4668-BE54-9A1E7A4F7556}") = "SignalrClient.WebApplication", "..\..\..\..\..\source\repos\common\Engine\SignalrClient.WebApplication\SignalrClient.WebApplication.csproj", "{96CF14E8-4119-44E9-BAAB-2A613225B85B}"
EndProject
Project("{9A19103F-16F7-4668-BE54-9A1E7A4F7556}") = "EventStoreGRPC.SampleApp", "EventStoreGRPC.SampleApp\EventStoreGRPC.SampleApp.csproj", "{4A6BE3C7-62EB-45FA-9F5C-B8104C9414A7}"
EndProject
Project("{9A19103F-16F7-4668-BE54-9A1E7A4F7556}") = "EncodeToken", "EncodeToken\EncodeToken.csproj", "{7D8F0928-0AD0-4441-A91A-F0616AAE04BD}"
EndProject
Project("{FAE04EC0-301F-11D3-BF4B-00C04F79EFBC}") = "BankAdminSetup.ConsoleApp", "BankAdminSetup.ConsoleApp\BankAdminSetup.ConsoleApp.csproj", "{3F65FC08-1C29-44A6-8DE8-8A06402200A7}"
EndProject
Global
	GlobalSection(SolutionConfigurationPlatforms) = preSolution
		Debug|Any CPU = Debug|Any CPU
		Release|Any CPU = Release|Any CPU
	EndGlobalSection
	GlobalSection(ProjectConfigurationPlatforms) = postSolution
		{08469CC9-C2E4-4695-8331-84EC2A07C632}.Debug|Any CPU.ActiveCfg = Debug|Any CPU
		{08469CC9-C2E4-4695-8331-84EC2A07C632}.Debug|Any CPU.Build.0 = Debug|Any CPU
		{08469CC9-C2E4-4695-8331-84EC2A07C632}.Release|Any CPU.ActiveCfg = Release|Any CPU
		{08469CC9-C2E4-4695-8331-84EC2A07C632}.Release|Any CPU.Build.0 = Release|Any CPU
		{05144397-6B8A-4B82-B9B3-ECEB021A2785}.Debug|Any CPU.ActiveCfg = Debug|Any CPU
		{05144397-6B8A-4B82-B9B3-ECEB021A2785}.Debug|Any CPU.Build.0 = Debug|Any CPU
		{05144397-6B8A-4B82-B9B3-ECEB021A2785}.Release|Any CPU.ActiveCfg = Release|Any CPU
		{05144397-6B8A-4B82-B9B3-ECEB021A2785}.Release|Any CPU.Build.0 = Release|Any CPU
		{57DBDD19-837C-4B9A-B3D5-45051CAA2EAE}.Debug|Any CPU.ActiveCfg = Debug|Any CPU
		{57DBDD19-837C-4B9A-B3D5-45051CAA2EAE}.Debug|Any CPU.Build.0 = Debug|Any CPU
		{57DBDD19-837C-4B9A-B3D5-45051CAA2EAE}.Release|Any CPU.ActiveCfg = Release|Any CPU
		{57DBDD19-837C-4B9A-B3D5-45051CAA2EAE}.Release|Any CPU.Build.0 = Release|Any CPU
		{4D8703D1-2C2F-4BBF-912C-997AFAF1EA2E}.Debug|Any CPU.ActiveCfg = Debug|Any CPU
		{4D8703D1-2C2F-4BBF-912C-997AFAF1EA2E}.Debug|Any CPU.Build.0 = Debug|Any CPU
		{4D8703D1-2C2F-4BBF-912C-997AFAF1EA2E}.Release|Any CPU.ActiveCfg = Release|Any CPU
		{4D8703D1-2C2F-4BBF-912C-997AFAF1EA2E}.Release|Any CPU.Build.0 = Release|Any CPU
		{05664D22-D4FE-46B9-B953-0C07E14FCCEC}.Debug|Any CPU.ActiveCfg = Debug|Any CPU
		{05664D22-D4FE-46B9-B953-0C07E14FCCEC}.Debug|Any CPU.Build.0 = Debug|Any CPU
		{05664D22-D4FE-46B9-B953-0C07E14FCCEC}.Release|Any CPU.ActiveCfg = Release|Any CPU
		{05664D22-D4FE-46B9-B953-0C07E14FCCEC}.Release|Any CPU.Build.0 = Release|Any CPU
		{BEE67C6B-D8C9-49C6-B24F-057FB3DAEEAB}.Debug|Any CPU.ActiveCfg = Debug|Any CPU
		{BEE67C6B-D8C9-49C6-B24F-057FB3DAEEAB}.Debug|Any CPU.Build.0 = Debug|Any CPU
		{BEE67C6B-D8C9-49C6-B24F-057FB3DAEEAB}.Release|Any CPU.ActiveCfg = Release|Any CPU
		{BEE67C6B-D8C9-49C6-B24F-057FB3DAEEAB}.Release|Any CPU.Build.0 = Release|Any CPU
		{E5FD8DC0-E04A-4A8B-896C-3303CB4260AD}.Debug|Any CPU.ActiveCfg = Debug|Any CPU
		{E5FD8DC0-E04A-4A8B-896C-3303CB4260AD}.Debug|Any CPU.Build.0 = Debug|Any CPU
		{E5FD8DC0-E04A-4A8B-896C-3303CB4260AD}.Release|Any CPU.ActiveCfg = Release|Any CPU
		{E5FD8DC0-E04A-4A8B-896C-3303CB4260AD}.Release|Any CPU.Build.0 = Release|Any CPU
		{81EF60A4-1508-4E79-8543-6F02B1208287}.Debug|Any CPU.ActiveCfg = Debug|Any CPU
		{81EF60A4-1508-4E79-8543-6F02B1208287}.Debug|Any CPU.Build.0 = Debug|Any CPU
		{81EF60A4-1508-4E79-8543-6F02B1208287}.Release|Any CPU.ActiveCfg = Release|Any CPU
		{81EF60A4-1508-4E79-8543-6F02B1208287}.Release|Any CPU.Build.0 = Release|Any CPU
		{20D7F945-83FE-4743-8932-EB25EE94F681}.Debug|Any CPU.ActiveCfg = Debug|Any CPU
		{20D7F945-83FE-4743-8932-EB25EE94F681}.Debug|Any CPU.Build.0 = Debug|Any CPU
		{20D7F945-83FE-4743-8932-EB25EE94F681}.Release|Any CPU.ActiveCfg = Release|Any CPU
		{20D7F945-83FE-4743-8932-EB25EE94F681}.Release|Any CPU.Build.0 = Release|Any CPU
		{CE7BDD3D-F772-4937-86BC-380128264CD8}.Debug|Any CPU.ActiveCfg = Debug|Any CPU
		{CE7BDD3D-F772-4937-86BC-380128264CD8}.Debug|Any CPU.Build.0 = Debug|Any CPU
		{CE7BDD3D-F772-4937-86BC-380128264CD8}.Release|Any CPU.ActiveCfg = Release|Any CPU
		{CE7BDD3D-F772-4937-86BC-380128264CD8}.Release|Any CPU.Build.0 = Release|Any CPU
		{1AE7D763-8B45-4388-880C-54ABCD8998E7}.Debug|Any CPU.ActiveCfg = Debug|Any CPU
		{1AE7D763-8B45-4388-880C-54ABCD8998E7}.Debug|Any CPU.Build.0 = Debug|Any CPU
		{1AE7D763-8B45-4388-880C-54ABCD8998E7}.Release|Any CPU.ActiveCfg = Release|Any CPU
		{1AE7D763-8B45-4388-880C-54ABCD8998E7}.Release|Any CPU.Build.0 = Release|Any CPU
		{D1565FE9-F1EC-40B6-A035-1BE194975FE8}.Debug|Any CPU.ActiveCfg = Debug|Any CPU
		{D1565FE9-F1EC-40B6-A035-1BE194975FE8}.Debug|Any CPU.Build.0 = Debug|Any CPU
		{D1565FE9-F1EC-40B6-A035-1BE194975FE8}.Release|Any CPU.ActiveCfg = Release|Any CPU
		{D1565FE9-F1EC-40B6-A035-1BE194975FE8}.Release|Any CPU.Build.0 = Release|Any CPU
		{9AB3A97F-BBFA-4CAB-A5BC-8C9261A6FF52}.Debug|Any CPU.ActiveCfg = Debug|Any CPU
		{9AB3A97F-BBFA-4CAB-A5BC-8C9261A6FF52}.Debug|Any CPU.Build.0 = Debug|Any CPU
		{9AB3A97F-BBFA-4CAB-A5BC-8C9261A6FF52}.Release|Any CPU.ActiveCfg = Release|Any CPU
		{9AB3A97F-BBFA-4CAB-A5BC-8C9261A6FF52}.Release|Any CPU.Build.0 = Release|Any CPU
		{C10D91FC-EA80-4819-8EA2-763CEC093593}.Debug|Any CPU.ActiveCfg = Debug|Any CPU
		{C10D91FC-EA80-4819-8EA2-763CEC093593}.Debug|Any CPU.Build.0 = Debug|Any CPU
		{C10D91FC-EA80-4819-8EA2-763CEC093593}.Release|Any CPU.ActiveCfg = Release|Any CPU
		{C10D91FC-EA80-4819-8EA2-763CEC093593}.Release|Any CPU.Build.0 = Release|Any CPU
		{96CF14E8-4119-44E9-BAAB-2A613225B85B}.Debug|Any CPU.ActiveCfg = Debug|Any CPU
		{96CF14E8-4119-44E9-BAAB-2A613225B85B}.Debug|Any CPU.Build.0 = Debug|Any CPU
		{96CF14E8-4119-44E9-BAAB-2A613225B85B}.Release|Any CPU.ActiveCfg = Release|Any CPU
		{96CF14E8-4119-44E9-BAAB-2A613225B85B}.Release|Any CPU.Build.0 = Release|Any CPU
		{4A6BE3C7-62EB-45FA-9F5C-B8104C9414A7}.Debug|Any CPU.ActiveCfg = Debug|Any CPU
		{4A6BE3C7-62EB-45FA-9F5C-B8104C9414A7}.Debug|Any CPU.Build.0 = Debug|Any CPU
		{4A6BE3C7-62EB-45FA-9F5C-B8104C9414A7}.Release|Any CPU.ActiveCfg = Release|Any CPU
		{4A6BE3C7-62EB-45FA-9F5C-B8104C9414A7}.Release|Any CPU.Build.0 = Release|Any CPU
		{7D8F0928-0AD0-4441-A91A-F0616AAE04BD}.Debug|Any CPU.ActiveCfg = Debug|Any CPU
		{7D8F0928-0AD0-4441-A91A-F0616AAE04BD}.Debug|Any CPU.Build.0 = Debug|Any CPU
		{7D8F0928-0AD0-4441-A91A-F0616AAE04BD}.Release|Any CPU.ActiveCfg = Release|Any CPU
		{7D8F0928-0AD0-4441-A91A-F0616AAE04BD}.Release|Any CPU.Build.0 = Release|Any CPU
		{3F65FC08-1C29-44A6-8DE8-8A06402200A7}.Debug|Any CPU.ActiveCfg = Debug|Any CPU
		{3F65FC08-1C29-44A6-8DE8-8A06402200A7}.Debug|Any CPU.Build.0 = Debug|Any CPU
		{3F65FC08-1C29-44A6-8DE8-8A06402200A7}.Release|Any CPU.ActiveCfg = Release|Any CPU
		{3F65FC08-1C29-44A6-8DE8-8A06402200A7}.Release|Any CPU.Build.0 = Release|Any CPU
	EndGlobalSection
	GlobalSection(SolutionProperties) = preSolution
		HideSolutionNode = FALSE
	EndGlobalSection
	GlobalSection(ExtensibilityGlobals) = postSolution
		SolutionGuid = {A7FCB78A-9827-4034-BC67-859B357AB573}
	EndGlobalSection
EndGlobal
